{
  "dependencies": {
    "bluebird": {
      "version": "3.5.0",
      "resolved": "https://registry.npmjs.org/bluebird/-/bluebird-3.5.0.tgz",
      "from": "bluebird@3.5.0"
    },
    "doc-path": {
      "version": "1.0.8",
      "resolved": "https://registry.npmjs.org/doc-path/-/doc-path-1.0.8.tgz",
      "from": "doc-path@1.0.8"
    },
    "json-2-csv": {
      "version": "2.1.1",
      "resolved": "https://registry.npmjs.org/json-2-csv/-/json-2-csv-2.1.1.tgz",
      "from": "json-2-csv@2.1.1"
    },
    "underscore": {
      "version": "1.8.3",
      "resolved": "https://registry.npmjs.org/underscore/-/underscore-1.8.3.tgz",
      "from": "underscore@1.8.3"
    }
  }
}
